
Microsoft Visual Studio Solution File, Format Version 12.00
# Visual Studio Version 17
VisualStudioVersion = 17.7.34024.191
MinimumVisualStudioVersion = 10.0.40219.1
Project("{FAE04EC0-301F-11D3-BF4B-00C04F79EFBC}") = "CRUD10", "CRUD10\CRUD10.csproj", "{18CBBB10-AD96-4F02-9A28-13FD2534D2C8}"
EndProject
Global
	GlobalSection(SolutionConfigurationPlatforms) = preSolution
		Debug|Any CPU = Debug|Any CPU
		Release|Any CPU = Release|Any CPU
	EndGlobalSection
	GlobalSection(ProjectConfigurationPlatforms) = postSolution
		{18CBBB10-AD96-4F02-9A28-13FD2534D2C8}.Debug|Any CPU.ActiveCfg = Debug|Any CPU
		{18CBBB10-AD96-4F02-9A28-13FD2534D2C8}.Debug|Any CPU.Build.0 = Debug|Any CPU
		{18CBBB10-AD96-4F02-9A28-13FD2534D2C8}.Release|Any CPU.ActiveCfg = Release|Any CPU
		{18CBBB10-AD96-4F02-9A28-13FD2534D2C8}.Release|Any CPU.Build.0 = Release|Any CPU
	EndGlobalSection
	GlobalSection(SolutionProperties) = preSolution
		HideSolutionNode = FALSE
	EndGlobalSection
	GlobalSection(ExtensibilityGlobals) = postSolution
		SolutionGuid = {B0CF9CC6-CEA2-4B93-A2AD-8EAB648E61A2}
	EndGlobalSection
EndGlobal
